<?xml version="1.0" encoding="utf-8"?>
<Project ToolsVersion="4.0" xmlns="http://schemas.microsoft.com/developer/msbuild/2003">
  <ItemGroup>
    <Filter Include="Resource Files">
      <UniqueIdentifier>{67DA6AB6-F800-4c08-8B7A-83BB121AAD01}</UniqueIdentifier>
      <Extensions>rc;ico;cur;bmp;dlg;rc2;rct;bin;rgs;gif;jpg;jpeg;jpe;resx;tiff;tif;png;wav;mfcribbon-ms</Extensions>
    </Filter>
    <Filter Include="Debug Layer">
      <UniqueIdentifier>{ed4a399b-db00-4510-a286-5c381a2d231c}</UniqueIdentifier>
    </Filter>
    <Filter Include="Application Layer">
      <UniqueIdentifier>{10a45d61-11a0-4768-ac4e-11a63bc95d47}</UniqueIdentifier>
    </Filter>
    <Filter Include="Graphic Layer">
      <UniqueIdentifier>{e7998094-1bb1-4364-aae9-4294b7d061c1}</UniqueIdentifier>
    </Filter>
    <Filter Include="Debug Layer\Dxerr">
      <UniqueIdentifier>{2b144e38-4e36-4755-9c6f-ce7bdafe689d}</UniqueIdentifier>
    </Filter>
    <Filter Include="Debug Layer\Macros">
      <UniqueIdentifier>{c62c91bc-50e8-4796-8319-6caf607ee4f8}</UniqueIdentifier>
    </Filter>
    <Filter Include="Resource Files\Shader">
      <UniqueIdentifier>{246c933d-909b-4e52-ace4-7be4ab3da27b}</UniqueIdentifier>
    </Filter>
    <Filter Include="Graphic Layer\Bindable">
      <UniqueIdentifier>{ca931623-77ca-4413-a547-16916dac2740}</UniqueIdentifier>
    </Filter>
    <Filter Include="Graphic Layer\Geometric Primitives">
      <UniqueIdentifier>{682579ea-5e3a-49ab-b0df-1e9d1fb9d3a6}</UniqueIdentifier>
    </Filter>
    <Filter Include="Graphic Layer\Drawable Instance">
      <UniqueIdentifier>{bbb6303e-da65-48b0-8d74-7804a18e5550}</UniqueIdentifier>
    </Filter>
  </ItemGroup>
  <ItemGroup>
    <ClCompile Include="dxerr.cpp">
      <Filter>Debug Layer\Dxerr</Filter>
    </ClCompile>
    <ClCompile Include="Bindable.cpp">
      <Filter>Graphic Layer\Bindable</Filter>
    </ClCompile>
    <ClCompile Include="VertexShader.cpp">
      <Filter>Graphic Layer\Bindable</Filter>
    </ClCompile>
    <ClCompile Include="VertexBuffer.cpp">
      <Filter>Graphic Layer\Bindable</Filter>
    </ClCompile>
    <ClCompile Include="TransformCbuf.cpp">
      <Filter>Graphic Layer\Bindable</Filter>
    </ClCompile>
    <ClCompile Include="Topology.cpp">
      <Filter>Graphic Layer\Bindable</Filter>
    </ClCompile>
    <ClCompile Include="PixelShader.cpp">
      <Filter>Graphic Layer\Bindable</Filter>
    </ClCompile>
    <ClCompile Include="InputLayout.cpp">
      <Filter>Graphic Layer\Bindable</Filter>
    </ClCompile>
    <ClCompile Include="IndexBuffer.cpp">
      <Filter>Graphic Layer\Bindable</Filter>
    </ClCompile>
    <ClCompile Include="Drawable.cpp">
      <Filter>Graphic Layer</Filter>
    </ClCompile>
    <ClCompile Include="DxgiInfoManager.cpp">
      <Filter>Debug Layer</Filter>
    </ClCompile>
    <ClCompile Include="ChiliException.cpp">
      <Filter>Debug Layer</Filter>
    </ClCompile>
    <ClCompile Include="Graphics.cpp">
      <Filter>Graphic Layer</Filter>
    </ClCompile>
    <ClCompile Include="App.cpp">
      <Filter>Application Layer</Filter>
    </ClCompile>
    <ClCompile Include="ChiliTimer.cpp">
      <Filter>Application Layer</Filter>
    </ClCompile>
    <ClCompile Include="Keyboard.cpp">
      <Filter>Application Layer</Filter>
    </ClCompile>
    <ClCompile Include="Mouse.cpp">
      <Filter>Application Layer</Filter>
    </ClCompile>
    <ClCompile Include="Window.cpp">
      <Filter>Application Layer</Filter>
    </ClCompile>
    <ClCompile Include="WindowsMessageMap.cpp">
      <Filter>Application Layer</Filter>
    </ClCompile>
    <ClCompile Include="WinMain.cpp" />
    <ClCompile Include="BaseDraw.cpp">
      <Filter>Graphic Layer\Drawable Instance</Filter>
    </ClCompile>
  </ItemGroup>
  <ItemGroup>
    <ClInclude Include="dxerr.h">
      <Filter>Debug Layer\Dxerr</Filter>
    </ClInclude>
    <ClInclude Include="GraphicsThrowMacros.h">
      <Filter>Debug Layer\Macros</Filter>
    </ClInclude>
    <ClInclude Include="WindowsThrowMacros.h">
      <Filter>Debug Layer\Macros</Filter>
    </ClInclude>
    <ClInclude Include="Bindable.h">
      <Filter>Graphic Layer\Bindable</Filter>
    </ClInclude>
    <ClInclude Include="BindableBase.h">
      <Filter>Graphic Layer\Bindable</Filter>
    </ClInclude>
    <ClInclude Include="ConstantBuffers.h">
      <Filter>Graphic Layer\Bindable</Filter>
    </ClInclude>
    <ClInclude Include="IndexBuffer.h">
      <Filter>Graphic Layer\Bindable</Filter>
    </ClInclude>
    <ClInclude Include="InputLayout.h">
      <Filter>Graphic Layer\Bindable</Filter>
    </ClInclude>
    <ClInclude Include="PixelShader.h">
      <Filter>Graphic Layer\Bindable</Filter>
    </ClInclude>
    <ClInclude Include="Topology.h">
      <Filter>Graphic Layer\Bindable</Filter>
    </ClInclude>
    <ClInclude Include="TransformCbuf.h">
      <Filter>Graphic Layer\Bindable</Filter>
    </ClInclude>
    <ClInclude Include="VertexBuffer.h">
      <Filter>Graphic Layer\Bindable</Filter>
    </ClInclude>
    <ClInclude Include="VertexShader.h">
      <Filter>Graphic Layer\Bindable</Filter>
    </ClInclude>
    <ClInclude Include="Drawable.h">
      <Filter>Graphic Layer</Filter>
    </ClInclude>
    <ClInclude Include="DxgiInfoManager.h">
      <Filter>Debug Layer</Filter>
    </ClInclude>
    <ClInclude Include="ChiliException.h">
      <Filter>Debug Layer</Filter>
    </ClInclude>
    <ClInclude Include="Graphics.h">
      <Filter>Graphic Layer</Filter>
    </ClInclude>
    <ClInclude Include="App.h">
      <Filter>Application Layer</Filter>
    </ClInclude>
    <ClInclude Include="ChiliTimer.h">
      <Filter>Application Layer</Filter>
    </ClInclude>
    <ClInclude Include="ChiliWin.h">
      <Filter>Application Layer</Filter>
    </ClInclude>
    <ClInclude Include="Keyboard.h">
      <Filter>Application Layer</Filter>
    </ClInclude>
    <ClInclude Include="Mouse.h">
      <Filter>Application Layer</Filter>
    </ClInclude>
    <ClInclude Include="resource.h">
      <Filter>Application Layer</Filter>
    </ClInclude>
    <ClInclude Include="Window.h">
      <Filter>Application Layer</Filter>
    </ClInclude>
    <ClInclude Include="WindowsMessageMap.h">
      <Filter>Application Layer</Filter>
    </ClInclude>
    <ClInclude Include="Cube.h">
      <Filter>Graphic Layer\Geometric Primitives</Filter>
    </ClInclude>
    <ClInclude Include="Cone.h">
      <Filter>Graphic Layer\Geometric Primitives</Filter>
    </ClInclude>
    <ClInclude Include="Plane.h">
      <Filter>Graphic Layer\Geometric Primitives</Filter>
    </ClInclude>
    <ClInclude Include="Prism.h">
      <Filter>Graphic Layer\Geometric Primitives</Filter>
    </ClInclude>
    <ClInclude Include="Sphere.h">
      <Filter>Graphic Layer\Geometric Primitives</Filter>
    </ClInclude>
    <ClInclude Include="ChiliMath.h">
      <Filter>Graphic Layer</Filter>
    </ClInclude>
    <ClInclude Include="indexedTriangleList.h">
      <Filter>Graphic Layer</Filter>
    </ClInclude>
    <ClInclude Include="DrawableBase.h">
      <Filter>Graphic Layer</Filter>
    </ClInclude>
    <ClInclude Include="BaseDraw.h">
      <Filter>Graphic Layer\Drawable Instance</Filter>
    </ClInclude>
  </ItemGroup>
  <ItemGroup>
    <ResourceCompile Include="hw3d.rc">
      <Filter>Resource Files</Filter>
    </ResourceCompile>
  </ItemGroup>
  <ItemGroup>
    <Image Include="chili.ico">
      <Filter>Resource Files</Filter>
    </Image>
  </ItemGroup>
  <ItemGroup>
    <None Include="DXGetErrorDescription.inl">
      <Filter>Debug Layer\Dxerr</Filter>
    </None>
    <None Include="DXGetErrorString.inl">
      <Filter>Debug Layer\Dxerr</Filter>
    </None>
    <None Include="DXTrace.inl">
      <Filter>Debug Layer\Dxerr</Filter>
    </None>
  </ItemGroup>
  <ItemGroup>
    <FxCompile Include="VertexShader.hlsl">
      <Filter>Resource Files\Shader</Filter>
    </FxCompile>
    <FxCompile Include="PixelShader.hlsl">
      <Filter>Resource Files\Shader</Filter>
    </FxCompile>
  </ItemGroup>
</Project>